// !$*UTF8*$!
{
	archiveVersion = 1;
	classes = {
	};
	objectVersion = 50;
	objects = {

/* Begin PBXBuildFile section */
		288435938FD4E15BB7B2C6F7 /* Pods_MostStarted.framework in Frameworks */ = {isa = PBXBuildFile; fileRef = 7EF96508986C010557BE53C7 /* Pods_MostStarted.framework */; };
		5C17C0902291454800A493BD /* MainCoordinator.swift in Sources */ = {isa = PBXBuildFile; fileRef = 5C17C08F2291454800A493BD /* MainCoordinator.swift */; };
		5C1A553822915662006DE326 /* RepositoryViewModel.swift in Sources */ = {isa = PBXBuildFile; fileRef = 5C1A553722915662006DE326 /* RepositoryViewModel.swift */; };
		5C1A553A22915759006DE326 /* RepositoryCell.swift in Sources */ = {isa = PBXBuildFile; fileRef = 5C1A553922915759006DE326 /* RepositoryCell.swift */; };
		5C400421228E09C600AADD2A /* AppDelegate.swift in Sources */ = {isa = PBXBuildFile; fileRef = 5C400420228E09C600AADD2A /* AppDelegate.swift */; };
		5C400423228E09C600AADD2A /* MainViewController.swift in Sources */ = {isa = PBXBuildFile; fileRef = 5C400422228E09C600AADD2A /* MainViewController.swift */; };
		5C400426228E09C600AADD2A /* Main.storyboard in Resources */ = {isa = PBXBuildFile; fileRef = 5C400424228E09C600AADD2A /* Main.storyboard */; settings = {ASSET_TAGS = (MainViewController, ); }; };
		5C400428228E09C800AADD2A /* Assets.xcassets in Resources */ = {isa = PBXBuildFile; fileRef = 5C400427228E09C800AADD2A /* Assets.xcassets */; };
		5C40042B228E09C800AADD2A /* LaunchScreen.storyboard in Resources */ = {isa = PBXBuildFile; fileRef = 5C400429228E09C800AADD2A /* LaunchScreen.storyboard */; };
		5CDC472022907AEA005EA026 /* BaseCordinator.swift in Sources */ = {isa = PBXBuildFile; fileRef = 5CDC471F22907AEA005EA026 /* BaseCordinator.swift */; };
		5CDC472522908F45005EA026 /* StoryboardInitializable.swift in Sources */ = {isa = PBXBuildFile; fileRef = 5CDC472422908F45005EA026 /* StoryboardInitializable.swift */; };
		5CDC4729229090C5005EA026 /* Repository.swift in Sources */ = {isa = PBXBuildFile; fileRef = 5CDC4728229090C5005EA026 /* Repository.swift */; };
		5CDC472B229092AE005EA026 /* GitHubService.swift in Sources */ = {isa = PBXBuildFile; fileRef = 5CDC472A229092AE005EA026 /* GitHubService.swift */; };
		5CDC472D22909830005EA026 /* AppCoordinator.swift in Sources */ = {isa = PBXBuildFile; fileRef = 5CDC472C22909830005EA026 /* AppCoordinator.swift */; };
/* End PBXBuildFile section */

/* Begin PBXFileReference section */
		5C17C08F2291454800A493BD /* MainCoordinator.swift */ = {isa = PBXFileReference; lastKnownFileType = sourcecode.swift; path = MainCoordinator.swift; sourceTree = "<group>"; };
		5C1A553722915662006DE326 /* RepositoryViewModel.swift */ = {isa = PBXFileReference; lastKnownFileType = sourcecode.swift; path = RepositoryViewModel.swift; sourceTree = "<group>"; };
		5C1A553922915759006DE326 /* RepositoryCell.swift */ = {isa = PBXFileReference; lastKnownFileType = sourcecode.swift; path = RepositoryCell.swift; sourceTree = "<group>"; };
		5C40041D228E09C600AADD2A /* MostStarted.app */ = {isa = PBXFileReference; explicitFileType = wrapper.application; includeInIndex = 0; path = MostStarted.app; sourceTree = BUILT_PRODUCTS_DIR; };
		5C400420228E09C600AADD2A /* AppDelegate.swift */ = {isa = PBXFileReference; lastKnownFileType = sourcecode.swift; path = AppDelegate.swift; sourceTree = "<group>"; };
		5C400422228E09C600AADD2A /* MainViewController.swift */ = {isa = PBXFileReference; lastKnownFileType = sourcecode.swift; path = MainViewController.swift; sourceTree = "<group>"; };
		5C400425228E09C600AADD2A /* Base */ = {isa = PBXFileReference; lastKnownFileType = file.storyboard; name = Base; path = Base.lproj/Main.storyboard; sourceTree = "<group>"; };
		5C400427228E09C800AADD2A /* Assets.xcassets */ = {isa = PBXFileReference; lastKnownFileType = folder.assetcatalog; path = Assets.xcassets; sourceTree = "<group>"; };
		5C40042A228E09C800AADD2A /* Base */ = {isa = PBXFileReference; lastKnownFileType = file.storyboard; name = Base; path = Base.lproj/LaunchScreen.storyboard; sourceTree = "<group>"; };
		5C40042C228E09C800AADD2A /* Info.plist */ = {isa = PBXFileReference; lastKnownFileType = text.plist.xml; path = Info.plist; sourceTree = "<group>"; };
		5CDC471F22907AEA005EA026 /* BaseCordinator.swift */ = {isa = PBXFileReference; lastKnownFileType = sourcecode.swift; path = BaseCordinator.swift; sourceTree = "<group>"; };
		5CDC472422908F45005EA026 /* StoryboardInitializable.swift */ = {isa = PBXFileReference; lastKnownFileType = sourcecode.swift; path = StoryboardInitializable.swift; sourceTree = "<group>"; };
		5CDC4728229090C5005EA026 /* Repository.swift */ = {isa = PBXFileReference; lastKnownFileType = sourcecode.swift; path = Repository.swift; sourceTree = "<group>"; };
		5CDC472A229092AE005EA026 /* GitHubService.swift */ = {isa = PBXFileReference; lastKnownFileType = sourcecode.swift; path = GitHubService.swift; sourceTree = "<group>"; };
		5CDC472C22909830005EA026 /* AppCoordinator.swift */ = {isa = PBXFileReference; lastKnownFileType = sourcecode.swift; path = AppCoordinator.swift; sourceTree = "<group>"; };
		7EF96508986C010557BE53C7 /* Pods_MostStarted.framework */ = {isa = PBXFileReference; explicitFileType = wrapper.framework; includeInIndex = 0; path = Pods_MostStarted.framework; sourceTree = BUILT_PRODUCTS_DIR; };
		B4CECB8FACD043B169915369 /* Pods-MostStarted.debug.xcconfig */ = {isa = PBXFileReference; includeInIndex = 1; lastKnownFileType = text.xcconfig; name = "Pods-MostStarted.debug.xcconfig"; path = "Target Support Files/Pods-MostStarted/Pods-MostStarted.debug.xcconfig"; sourceTree = "<group>"; };
		CEC5737C5F23F503A314A066 /* Pods-MostStarted.release.xcconfig */ = {isa = PBXFileReference; includeInIndex = 1; lastKnownFileType = text.xcconfig; name = "Pods-MostStarted.release.xcconfig"; path = "Target Support Files/Pods-MostStarted/Pods-MostStarted.release.xcconfig"; sourceTree = "<group>"; };
/* End PBXFileReference section */

/* Begin PBXFrameworksBuildPhase section */
		5C40041A228E09C600AADD2A /* Frameworks */ = {
			isa = PBXFrameworksBuildPhase;
			buildActionMask = 2147483647;
			files = (
				288435938FD4E15BB7B2C6F7 /* Pods_MostStarted.framework in Frameworks */,
			);
			runOnlyForDeploymentPostprocessing = 0;
		};
/* End PBXFrameworksBuildPhase section */

/* Begin PBXGroup section */
		5C1A553622915640006DE326 /* Repository */ = {
			isa = PBXGroup;
			children = (
				5C1A553722915662006DE326 /* RepositoryViewModel.swift */,
				5C1A553922915759006DE326 /* RepositoryCell.swift */,
			);
			path = Repository;
			sourceTree = "<group>";
		};
		5C400414228E09C600AADD2A = {
			isa = PBXGroup;
			children = (
				5C40041F228E09C600AADD2A /* MostStarted */,
				5C40041E228E09C600AADD2A /* Products */,
				C29061EFEF94FD9AA72B753F /* Pods */,
				67D7D07DC7BA25CF1582BE83 /* Frameworks */,
			);
			sourceTree = "<group>";
		};
		5C40041E228E09C600AADD2A /* Products */ = {
			isa = PBXGroup;
			children = (
				5C40041D228E09C600AADD2A /* MostStarted.app */,
			);
			name = Products;
			sourceTree = "<group>";
		};
		5C40041F228E09C600AADD2A /* MostStarted */ = {
			isa = PBXGroup;
			children = (
				5C48C2FD228F066200627BFF /* App */,
				5CDC471E229078ED005EA026 /* Base */,
				5C48C2FB228F063700627BFF /* Main */,
				5CDC472622909084005EA026 /* Model */,
				5CDC472722909099005EA026 /* Network */,
				5C48C2FC228F064900627BFF /* Resources */,
			);
			path = MostStarted;
			sourceTree = "<group>";
		};
		5C48C2FB228F063700627BFF /* Main */ = {
			isa = PBXGroup;
			children = (
				5C1A553622915640006DE326 /* Repository */,
				5C400422228E09C600AADD2A /* MainViewController.swift */,
				5C17C08F2291454800A493BD /* MainCoordinator.swift */,
			);
			path = Main;
			sourceTree = "<group>";
		};
		5C48C2FC228F064900627BFF /* Resources */ = {
			isa = PBXGroup;
			children = (
				5C400424228E09C600AADD2A /* Main.storyboard */,
				5C400427228E09C800AADD2A /* Assets.xcassets */,
				5C400429228E09C800AADD2A /* LaunchScreen.storyboard */,
				5C40042C228E09C800AADD2A /* Info.plist */,
			);
			path = Resources;
			sourceTree = "<group>";
		};
		5C48C2FD228F066200627BFF /* App */ = {
			isa = PBXGroup;
			children = (
				5C400420228E09C600AADD2A /* AppDelegate.swift */,
				5CDC472C22909830005EA026 /* AppCoordinator.swift */,
			);
			path = App;
			sourceTree = "<group>";
		};
		5CDC471E229078ED005EA026 /* Base */ = {
			isa = PBXGroup;
			children = (
				5CDC471F22907AEA005EA026 /* BaseCordinator.swift */,
				5CDC472422908F45005EA026 /* StoryboardInitializable.swift */,
			);
			path = Base;
			sourceTree = "<group>";
		};
		5CDC472622909084005EA026 /* Model */ = {
			isa = PBXGroup;
			children = (
				5CDC4728229090C5005EA026 /* Repository.swift */,
			);
			path = Model;
			sourceTree = "<group>";
		};
		5CDC472722909099005EA026 /* Network */ = {
			isa = PBXGroup;
			children = (
				5CDC472A229092AE005EA026 /* GitHubService.swift */,
			);
			path = Network;
			sourceTree = "<group>";
		};
		67D7D07DC7BA25CF1582BE83 /* Frameworks */ = {
			isa = PBXGroup;
			children = (
				7EF96508986C010557BE53C7 /* Pods_MostStarted.framework */,
			);
			name = Frameworks;
			sourceTree = "<group>";
		};
		C29061EFEF94FD9AA72B753F /* Pods */ = {
			isa = PBXGroup;
			children = (
				B4CECB8FACD043B169915369 /* Pods-MostStarted.debug.xcconfig */,
				CEC5737C5F23F503A314A066 /* Pods-MostStarted.release.xcconfig */,
			);
			path = Pods;
			sourceTree = "<group>";
		};
/* End PBXGroup section */

/* Begin PBXNativeTarget section */
		5C40041C228E09C600AADD2A /* MostStarted */ = {
			isa = PBXNativeTarget;
			buildConfigurationList = 5C40042F228E09C800AADD2A /* Build configuration list for PBXNativeTarget "MostStarted" */;
			buildPhases = (
				5C3246472290A54D00595153 /* ShellScript */,
				77A71C12664A586FC25F3162 /* [CP] Check Pods Manifest.lock */,
				5C400419228E09C600AADD2A /* Sources */,
				5C40041A228E09C600AADD2A /* Frameworks */,
				5C40041B228E09C600AADD2A /* Resources */,
				5558B8B689A7A75235FB76E7 /* [CP] Embed Pods Frameworks */,
			);
			buildRules = (
			);
			dependencies = (
			);
			name = MostStarted;
			productName = MostStarted;
			productReference = 5C40041D228E09C600AADD2A /* MostStarted.app */;
			productType = "com.apple.product-type.application";
		};
/* End PBXNativeTarget section */

/* Begin PBXProject section */
		5C400415228E09C600AADD2A /* Project object */ = {
			isa = PBXProject;
			attributes = {
				KnownAssetTags = (
					MainViewController,
				);
				LastSwiftUpdateCheck = 1020;
				LastUpgradeCheck = 1020;
				ORGANIZATIONNAME = "Mustafa Ozhan";
				TargetAttributes = {
					5C40041C228E09C600AADD2A = {
						CreatedOnToolsVersion = 10.2.1;
					};
				};
			};
			buildConfigurationList = 5C400418228E09C600AADD2A /* Build configuration list for PBXProject "MostStarted" */;
			compatibilityVersion = "Xcode 9.3";
			developmentRegion = en;
			hasScannedForEncodings = 0;
			knownRegions = (
				en,
				Base,
			);
			mainGroup = 5C400414228E09C600AADD2A;
			productRefGroup = 5C40041E228E09C600AADD2A /* Products */;
			projectDirPath = "";
			projectRoot = "";
			targets = (
				5C40041C228E09C600AADD2A /* MostStarted */,
			);
		};
/* End PBXProject section */

/* Begin PBXResourcesBuildPhase section */
		5C40041B228E09C600AADD2A /* Resources */ = {
			isa = PBXResourcesBuildPhase;
			buildActionMask = 2147483647;
			files = (
				5C40042B228E09C800AADD2A /* LaunchScreen.storyboard in Resources */,
				5C400428228E09C800AADD2A /* Assets.xcassets in Resources */,
				5C400426228E09C600AADD2A /* Main.storyboard in Resources */,
			);
			runOnlyForDeploymentPostprocessing = 0;
		};
/* End PBXResourcesBuildPhase section */

/* Begin PBXShellScriptBuildPhase section */
		5558B8B689A7A75235FB76E7 /* [CP] Embed Pods Frameworks */ = {
			isa = PBXShellScriptBuildPhase;
			buildActionMask = 2147483647;
			files = (
			);
			inputFileListPaths = (
			);
			inputPaths = (
				"${PODS_ROOT}/Target Support Files/Pods-MostStarted/Pods-MostStarted-frameworks.sh",
				"${BUILT_PRODUCTS_DIR}/RxAtomic/RxAtomic.framework",
				"${BUILT_PRODUCTS_DIR}/RxCocoa/RxCocoa.framework",
				"${BUILT_PRODUCTS_DIR}/RxSwift/RxSwift.framework",
			);
			name = "[CP] Embed Pods Frameworks";
			outputFileListPaths = (
			);
			outputPaths = (
				"${TARGET_BUILD_DIR}/${FRAMEWORKS_FOLDER_PATH}/RxAtomic.framework",
				"${TARGET_BUILD_DIR}/${FRAMEWORKS_FOLDER_PATH}/RxCocoa.framework",
				"${TARGET_BUILD_DIR}/${FRAMEWORKS_FOLDER_PATH}/RxSwift.framework",
			);
			runOnlyForDeploymentPostprocessing = 0;
			shellPath = /bin/sh;
			shellScript = "\"${PODS_ROOT}/Target Support Files/Pods-MostStarted/Pods-MostStarted-frameworks.sh\"\n";
			showEnvVarsInLog = 0;
		};
		5C3246472290A54D00595153 /* ShellScript */ = {
			isa = PBXShellScriptBuildPhase;
			buildActionMask = 2147483647;
			files = (
			);
			inputFileListPaths = (
			);
			inputPaths = (
			);
			outputFileListPaths = (
			);
			outputPaths = (
			);
			runOnlyForDeploymentPostprocessing = 0;
			shellPath = /bin/sh;
			shellScript = "\"${PODS_ROOT}/SwiftLint/swiftlint\"\n";
		};
		77A71C12664A586FC25F3162 /* [CP] Check Pods Manifest.lock */ = {
			isa = PBXShellScriptBuildPhase;
			buildActionMask = 2147483647;
			files = (
			);
			inputFileListPaths = (
			);
			inputPaths = (
				"${PODS_PODFILE_DIR_PATH}/Podfile.lock",
				"${PODS_ROOT}/Manifest.lock",
			);
			name = "[CP] Check Pods Manifest.lock";
			outputFileListPaths = (
			);
			outputPaths = (
				"$(DERIVED_FILE_DIR)/Pods-MostStarted-checkManifestLockResult.txt",
			);
			runOnlyForDeploymentPostprocessing = 0;
			shellPath = /bin/sh;
			shellScript = "diff \"${PODS_PODFILE_DIR_PATH}/Podfile.lock\" \"${PODS_ROOT}/Manifest.lock\" > /dev/null\nif [ $? != 0 ] ; then\n    # print error to STDERR\n    echo \"error: The sandbox is not in sync with the Podfile.lock. Run 'pod install' or update your CocoaPods installation.\" >&2\n    exit 1\nfi\n# This output is used by Xcode 'outputs' to avoid re-running this script phase.\necho \"SUCCESS\" > \"${SCRIPT_OUTPUT_FILE_0}\"\n";
			showEnvVarsInLog = 0;
		};
/* End PBXShellScriptBuildPhase section */

/* Begin PBXSourcesBuildPhase section */
		5C400419228E09C600AADD2A /* Sources */ = {
			isa = PBXSourcesBuildPhase;
			buildActionMask = 2147483647;
			files = (
				5C400423228E09C600AADD2A /* MainViewController.swift in Sources */,
				5C17C0902291454800A493BD /* MainCoordinator.swift in Sources */,
				5C400421228E09C600AADD2A /* AppDelegate.swift in Sources */,
				5CDC4729229090C5005EA026 /* Repository.swift in Sources */,
				5CDC472522908F45005EA026 /* StoryboardInitializable.swift in Sources */,
				5C1A553A22915759006DE326 /* RepositoryCell.swift in Sources */,
				5C1A553822915662006DE326 /* RepositoryViewModel.swift in Sources */,
				5CDC472B229092AE005EA026 /* GitHubService.swift in Sources */,
				5CDC472022907AEA005EA026 /* BaseCordinator.swift in Sources */,
				5CDC472D22909830005EA026 /* AppCoordinator.swift in Sources */,
			);
			runOnlyForDeploymentPostprocessing = 0;
		};
/* End PBXSourcesBuildPhase section */

/* Begin PBXVariantGroup section */
		5C400424228E09C600AADD2A /* Main.storyboard */ = {
			isa = PBXVariantGroup;
			children = (
				5C400425228E09C600AADD2A /* Base */,
			);
			name = Main.storyboard;
			sourceTree = "<group>";
		};
		5C400429228E09C800AADD2A /* LaunchScreen.storyboard */ = {
			isa = PBXVariantGroup;
			children = (
				5C40042A228E09C800AADD2A /* Base */,
			);
			name = LaunchScreen.storyboard;
			sourceTree = "<group>";
		};
/* End PBXVariantGroup section */

/* Begin XCBuildConfiguration section */
		5C40042D228E09C800AADD2A /* Debug */ = {
			isa = XCBuildConfiguration;
			buildSettings = {
				ALWAYS_SEARCH_USER_PATHS = NO;
				CLANG_ANALYZER_NONNULL = YES;
				CLANG_ANALYZER_NUMBER_OBJECT_CONVERSION = YES_AGGRESSIVE;
				CLANG_CXX_LANGUAGE_STANDARD = "gnu++14";
				CLANG_CXX_LIBRARY = "libc++";
				CLANG_ENABLE_MODULES = YES;
				CLANG_ENABLE_OBJC_ARC = YES;
				CLANG_ENABLE_OBJC_WEAK = YES;
				CLANG_WARN_BLOCK_CAPTURE_AUTORELEASING = YES;
				CLANG_WARN_BOOL_CONVERSION = YES;
				CLANG_WARN_COMMA = YES;
				CLANG_WARN_CONSTANT_CONVERSION = YES;
				CLANG_WARN_DEPRECATED_OBJC_IMPLEMENTATIONS = YES;
				CLANG_WARN_DIRECT_OBJC_ISA_USAGE = YES_ERROR;
				CLANG_WARN_DOCUMENTATION_COMMENTS = YES;
				CLANG_WARN_EMPTY_BODY = YES;
				CLANG_WARN_ENUM_CONVERSION = YES;
				CLANG_WARN_INFINITE_RECURSION = YES;
				CLANG_WARN_INT_CONVERSION = YES;
				CLANG_WARN_NON_LITERAL_NULL_CONVERSION = YES;
				CLANG_WARN_OBJC_IMPLICIT_RETAIN_SELF = YES;
				CLANG_WARN_OBJC_LITERAL_CONVERSION = YES;
				CLANG_WARN_OBJC_ROOT_CLASS = YES_ERROR;
				CLANG_WARN_RANGE_LOOP_ANALYSIS = YES;
				CLANG_WARN_STRICT_PROTOTYPES = YES;
				CLANG_WARN_SUSPICIOUS_MOVE = YES;
				CLANG_WARN_UNGUARDED_AVAILABILITY = YES_AGGRESSIVE;
				CLANG_WARN_UNREACHABLE_CODE = YES;
				CLANG_WARN__DUPLICATE_METHOD_MATCH = YES;
				CODE_SIGN_IDENTITY = "iPhone Developer";
				COPY_PHASE_STRIP = NO;
				DEBUG_INFORMATION_FORMAT = dwarf;
				ENABLE_STRICT_OBJC_MSGSEND = YES;
				ENABLE_TESTABILITY = YES;
				GCC_C_LANGUAGE_STANDARD = gnu11;
				GCC_DYNAMIC_NO_PIC = NO;
				GCC_NO_COMMON_BLOCKS = YES;
				GCC_OPTIMIZATION_LEVEL = 0;
				GCC_PREPROCESSOR_DEFINITIONS = (
					"DEBUG=1",
					"$(inherited)",
				);
				GCC_WARN_64_TO_32_BIT_CONVERSION = YES;
				GCC_WARN_ABOUT_RETURN_TYPE = YES_ERROR;
				GCC_WARN_UNDECLARED_SELECTOR = YES;
				GCC_WARN_UNINITIALIZED_AUTOS = YES_AGGRESSIVE;
				GCC_WARN_UNUSED_FUNCTION = YES;
				GCC_WARN_UNUSED_VARIABLE = YES;
				IPHONEOS_DEPLOYMENT_TARGET = 12.2;
				MTL_ENABLE_DEBUG_INFO = INCLUDE_SOURCE;
				MTL_FAST_MATH = YES;
				ONLY_ACTIVE_ARCH = YES;
				SDKROOT = iphoneos;
				SWIFT_ACTIVE_COMPILATION_CONDITIONS = DEBUG;
				SWIFT_OPTIMIZATION_LEVEL = "-Onone";
			};
			name = Debug;
		};
		5C40042E228E09C800AADD2A /* Release */ = {
			isa = XCBuildConfiguration;
			buildSettings = {
				ALWAYS_SEARCH_USER_PATHS = NO;
				CLANG_ANALYZER_NONNULL = YES;
				CLANG_ANALYZER_NUMBER_OBJECT_CONVERSION = YES_AGGRESSIVE;
				CLANG_CXX_LANGUAGE_STANDARD = "gnu++14";
				CLANG_CXX_LIBRARY = "libc++";
				CLANG_ENABLE_MODULES = YES;
				CLANG_ENABLE_OBJC_ARC = YES;
				CLANG_ENABLE_OBJC_WEAK = YES;
				CLANG_WARN_BLOCK_CAPTURE_AUTORELEASING = YES;
				CLANG_WARN_BOOL_CONVERSION = YES;
				CLANG_WARN_COMMA = YES;
				CLANG_WARN_CONSTANT_CONVERSION = YES;
				CLANG_WARN_DEPRECATED_OBJC_IMPLEMENTATIONS = YES;
				CLANG_WARN_DIRECT_OBJC_ISA_USAGE = YES_ERROR;
				CLANG_WARN_DOCUMENTATION_COMMENTS = YES;
				CLANG_WARN_EMPTY_BODY = YES;
				CLANG_WARN_ENUM_CONVERSION = YES;
				CLANG_WARN_INFINITE_RECURSION = YES;
				CLANG_WARN_INT_CONVERSION = YES;
				CLANG_WARN_NON_LITERAL_NULL_CONVERSION = YES;
				CLANG_WARN_OBJC_IMPLICIT_RETAIN_SELF = YES;
				CLANG_WARN_OBJC_LITERAL_CONVERSION = YES;
				CLANG_WARN_OBJC_ROOT_CLASS = YES_ERROR;
				CLANG_WARN_RANGE_LOOP_ANALYSIS = YES;
				CLANG_WARN_STRICT_PROTOTYPES = YES;
				CLANG_WARN_SUSPICIOUS_MOVE = YES;
				CLANG_WARN_UNGUARDED_AVAILABILITY = YES_AGGRESSIVE;
				CLANG_WARN_UNREACHABLE_CODE = YES;
				CLANG_WARN__DUPLICATE_METHOD_MATCH = YES;
				CODE_SIGN_IDENTITY = "iPhone Developer";
				COPY_PHASE_STRIP = NO;
				DEBUG_INFORMATION_FORMAT = "dwarf-with-dsym";
				ENABLE_NS_ASSERTIONS = NO;
				ENABLE_STRICT_OBJC_MSGSEND = YES;
				GCC_C_LANGUAGE_STANDARD = gnu11;
				GCC_NO_COMMON_BLOCKS = YES;
				GCC_WARN_64_TO_32_BIT_CONVERSION = YES;
				GCC_WARN_ABOUT_RETURN_TYPE = YES_ERROR;
				GCC_WARN_UNDECLARED_SELECTOR = YES;
				GCC_WARN_UNINITIALIZED_AUTOS = YES_AGGRESSIVE;
				GCC_WARN_UNUSED_FUNCTION = YES;
				GCC_WARN_UNUSED_VARIABLE = YES;
				IPHONEOS_DEPLOYMENT_TARGET = 12.2;
				MTL_ENABLE_DEBUG_INFO = NO;
				MTL_FAST_MATH = YES;
				SDKROOT = iphoneos;
				SWIFT_COMPILATION_MODE = wholemodule;
				SWIFT_OPTIMIZATION_LEVEL = "-O";
				VALIDATE_PRODUCT = YES;
			};
			name = Release;
		};
		5C400430228E09C800AADD2A /* Debug */ = {
			isa = XCBuildConfiguration;
			baseConfigurationReference = B4CECB8FACD043B169915369 /* Pods-MostStarted.debug.xcconfig */;
			buildSettings = {
				ASSETCATALOG_COMPILER_APPICON_NAME = AppIcon;
				CODE_SIGN_STYLE = Automatic;
				DEVELOPMENT_TEAM = 8MTR5SHZFD;
				INFOPLIST_FILE = MostStarted/Resources/Info.plist;
				LD_RUNPATH_SEARCH_PATHS = (
					"$(inherited)",
					"@executable_path/Frameworks",
				);
				PRODUCT_BUNDLE_IDENTIFIER = com.github.mustafaozhan.MostStarted;
				PRODUCT_NAME = "$(TARGET_NAME)";
				SWIFT_VERSION = 5.0;
				TARGETED_DEVICE_FAMILY = "1,2";
			};
			name = Debug;
		};
		5C400431228E09C800AADD2A /* Release */ = {
			isa = XCBuildConfiguration;
			baseConfigurationReference = CEC5737C5F23F503A314A066 /* Pods-MostStarted.release.xcconfig */;
			buildSettings = {
				ASSETCATALOG_COMPILER_APPICON_NAME = AppIcon;
				CODE_SIGN_STYLE = Automatic;
				DEVELOPMENT_TEAM = 8MTR5SHZFD;
				INFOPLIST_FILE = MostStarted/Resources/Info.plist;
				LD_RUNPATH_SEARCH_PATHS = (
					"$(inherited)",
					"@executable_path/Frameworks",
				);
				PRODUCT_BUNDLE_IDENTIFIER = com.github.mustafaozhan.MostStarted;
				PRODUCT_NAME = "$(TARGET_NAME)";
				SWIFT_VERSION = 5.0;
				TARGETED_DEVICE_FAMILY = "1,2";
			};
			name = Release;
		};
/* End XCBuildConfiguration section */

/* Begin XCConfigurationList section */
		5C400418228E09C600AADD2A /* Build configuration list for PBXProject "MostStarted" */ = {
			isa = XCConfigurationList;
			buildConfigurations = (
				5C40042D228E09C800AADD2A /* Debug */,
				5C40042E228E09C800AADD2A /* Release */,
			);
			defaultConfigurationIsVisible = 0;
			defaultConfigurationName = Release;
		};
		5C40042F228E09C800AADD2A /* Build configuration list for PBXNativeTarget "MostStarted" */ = {
			isa = XCConfigurationList;
			buildConfigurations = (
				5C400430228E09C800AADD2A /* Debug */,
				5C400431228E09C800AADD2A /* Release */,
			);
			defaultConfigurationIsVisible = 0;
			defaultConfigurationName = Release;
		};
/* End XCConfigurationList section */
	};
	rootObject = 5C400415228E09C600AADD2A /* Project object */;
}
